{
  "name": "fastids",
  "version": "1.0.3",
  "lockfileVersion": 2,
  "requires": true,
  "packages": {
    "": {
      "name": "fastids",
      "version": "1.0.2",
      "license": "ISC",
      "dependencies": {
        "fastids": "^1.0.0",
        "fastrand": "^1.0.1"
      }
    },
    "node_modules/fastids": {
      "version": "1.0.0",
      "resolved": "https://registry.npmjs.org/fastids/-/fastids-1.0.0.tgz",
      "integrity": "sha512-kmUoV3EIDPnQFPHuuMvYr724mosnArpF064vkNICMQ572insK2Hjfia0ImVmtwbqTc5Tn9kHq39+s9HBZvKm1w=="
    },
    "node_modules/fastrand": {
      "version": "1.0.1",
      "resolved": "https://registry.npmjs.org/fastrand/-/fastrand-1.0.1.tgz",
      "integrity": "sha512-lndIXosrIIHPdbPVFVpP8G/2h8E/HwyKjcucZlxYtauViuooqCjWiZl/4plmMJzNMdXkBrk+nVM2rVtwpflWAg=="
    }
  },
  "dependencies": {
    "fastids": {
      "version": "1.0.0",
      "resolved": "https://registry.npmjs.org/fastids/-/fastids-1.0.0.tgz",
      "integrity": "sha512-kmUoV3EIDPnQFPHuuMvYr724mosnArpF064vkNICMQ572insK2Hjfia0ImVmtwbqTc5Tn9kHq39+s9HBZvKm1w=="
    },
    "fastrand": {
      "version": "1.0.1",
      "resolved": "https://registry.npmjs.org/fastrand/-/fastrand-1.0.1.tgz",
      "integrity": "sha512-lndIXosrIIHPdbPVFVpP8G/2h8E/HwyKjcucZlxYtauViuooqCjWiZl/4plmMJzNMdXkBrk+nVM2rVtwpflWAg=="
    }
  }
}
